
Microsoft Visual Studio Solution File, Format Version 12.00
# Visual Studio Version 16
VisualStudioVersion = 16.0.31613.86
MinimumVisualStudioVersion = 10.0.40219.1
Project("{9A19103F-16F7-4668-BE54-9A1E7A4F7556}") = "letsprint", "letsprint\letsprint.csproj", "{16BEE8B0-01E7-4C9F-8CAD-C1174C8DA161}"
EndProject
Project("{FAE04EC0-301F-11D3-BF4B-00C04F79EFBC}") = "letsprint_test", "letsprint_test\letsprint_test.csproj", "{E96FA3E9-75EB-4394-A28D-14590C6B621E}"
EndProject
Global
	GlobalSection(SolutionConfigurationPlatforms) = preSolution
		Debug|Any CPU = Debug|Any CPU
		Release|Any CPU = Release|Any CPU
	EndGlobalSection
	GlobalSection(ProjectConfigurationPlatforms) = postSolution
		{16BEE8B0-01E7-4C9F-8CAD-C1174C8DA161}.Debug|Any CPU.ActiveCfg = Debug|Any CPU
		{16BEE8B0-01E7-4C9F-8CAD-C1174C8DA161}.Debug|Any CPU.Build.0 = Debug|Any CPU
		{16BEE8B0-01E7-4C9F-8CAD-C1174C8DA161}.Release|Any CPU.ActiveCfg = Release|Any CPU
		{16BEE8B0-01E7-4C9F-8CAD-C1174C8DA161}.Release|Any CPU.Build.0 = Release|Any CPU
		{E96FA3E9-75EB-4394-A28D-14590C6B621E}.Debug|Any CPU.ActiveCfg = Debug|Any CPU
		{E96FA3E9-75EB-4394-A28D-14590C6B621E}.Debug|Any CPU.Build.0 = Debug|Any CPU
		{E96FA3E9-75EB-4394-A28D-14590C6B621E}.Release|Any CPU.ActiveCfg = Release|Any CPU
		{E96FA3E9-75EB-4394-A28D-14590C6B621E}.Release|Any CPU.Build.0 = Release|Any CPU
	EndGlobalSection
	GlobalSection(SolutionProperties) = preSolution
		HideSolutionNode = FALSE
	EndGlobalSection
	GlobalSection(ExtensibilityGlobals) = postSolution
		SolutionGuid = {6B5799AC-0697-4B7E-A139-9E75D9BE2236}
	EndGlobalSection
EndGlobal
